
Microsoft Visual Studio Solution File, Format Version 12.00
# Visual Studio 15
VisualStudioVersion = 15.0.28302.56
MinimumVisualStudioVersion = 10.0.40219.1
Project("{888888A0-9F3D-457C-B088-3A5042F75D52}") = "Staffer", "Staffer\Staffer.pyproj", "{542E85D7-BB6F-4E06-9372-9C1BE71277E9}"
EndProject
Global
	GlobalSection(SolutionConfigurationPlatforms) = preSolution
		Debug|Any CPU = Debug|Any CPU
		Release|Any CPU = Release|Any CPU
	EndGlobalSection
	GlobalSection(ProjectConfigurationPlatforms) = postSolution
		{542E85D7-BB6F-4E06-9372-9C1BE71277E9}.Debug|Any CPU.ActiveCfg = Debug|Any CPU
		{542E85D7-BB6F-4E06-9372-9C1BE71277E9}.Debug|Any CPU.Build.0 = Debug|Any CPU
		{542E85D7-BB6F-4E06-9372-9C1BE71277E9}.Release|Any CPU.ActiveCfg = Release|Any CPU
		{542E85D7-BB6F-4E06-9372-9C1BE71277E9}.Release|Any CPU.Build.0 = Release|Any CPU
	EndGlobalSection
	GlobalSection(SolutionProperties) = preSolution
		HideSolutionNode = FALSE
	EndGlobalSection
	GlobalSection(ExtensibilityGlobals) = postSolution
		SolutionGuid = {B6E44A67-1066-4352-9A31-1B8ECBFF726B}
	EndGlobalSection
EndGlobal
